
Microsoft Visual Studio Solution File, Format Version 12.00
# Visual Studio Version 16
VisualStudioVersion = 16.0.31105.61
MinimumVisualStudioVersion = 10.0.40219.1
Project("{FAE04EC0-301F-11D3-BF4B-00C04F79EFBC}") = "gTest", "gTest.csproj", "{3F3A8612-C209-4C77-BBAD-BD0128517797}"
EndProject
Global
	GlobalSection(SolutionConfigurationPlatforms) = preSolution
		Debug|Any CPU = Debug|Any CPU
		Release|Any CPU = Release|Any CPU
	EndGlobalSection
	GlobalSection(ProjectConfigurationPlatforms) = postSolution
		{3F3A8612-C209-4C77-BBAD-BD0128517797}.Debug|Any CPU.ActiveCfg = Debug|Any CPU
		{3F3A8612-C209-4C77-BBAD-BD0128517797}.Debug|Any CPU.Build.0 = Debug|Any CPU
		{3F3A8612-C209-4C77-BBAD-BD0128517797}.Release|Any CPU.ActiveCfg = Release|Any CPU
		{3F3A8612-C209-4C77-BBAD-BD0128517797}.Release|Any CPU.Build.0 = Release|Any CPU
	EndGlobalSection
	GlobalSection(SolutionProperties) = preSolution
		HideSolutionNode = FALSE
	EndGlobalSection
	GlobalSection(ExtensibilityGlobals) = postSolution
		SolutionGuid = {539AFD04-6C3F-4750-AD8E-BDAB397FA9B9}
	EndGlobalSection
EndGlobal
